
Microsoft Visual Studio Solution File, Format Version 12.00
# Visual Studio Version 17
VisualStudioVersion = 17.1.32421.90
MinimumVisualStudioVersion = 10.0.40219.1
Project("{9A19103F-16F7-4668-BE54-9A1E7A4F7556}") = "ChessCore", "ChessCore\ChessCore.csproj", "{689C3F33-7165-44A2-B210-729E8026B1FB}"
EndProject
Project("{9A19103F-16F7-4668-BE54-9A1E7A4F7556}") = "ChessCore.Test", "ChessCore.Test\ChessCore.Test.csproj", "{CDF30BC3-BCDA-43AC-B6AF-D41AB5B2125E}"
EndProject
Project("{2150E333-8FDC-42A3-9474-1A3956D46DE8}") = "Solution Items", "Solution Items", "{015BDDBF-B9FE-4A74-B808-4736DB36DDD9}"
	ProjectSection(SolutionItems) = preProject
		.editorconfig = .editorconfig
		docker-compose.yml = docker-compose.yml
		DockerBuild.bat = DockerBuild.bat
		DockerBuild.sh = DockerBuild.sh
		DockerComposeUp.bat = DockerComposeUp.bat
		DockerComposeUp.sh = DockerComposeUp.sh
		Dockerfile = Dockerfile
		JenkinsfileDocker = JenkinsfileDocker
		JenkinsfileWinLocal = JenkinsfileWinLocal
		README.md = README.md
	EndProjectSection
EndProject
Project("{FAE04EC0-301F-11D3-BF4B-00C04F79EFBC}") = "Stockfish", "Stockfish\Stockfish.csproj", "{180F02E1-A765-62AE-4DA1-9BBD425CDFA8}"
EndProject
Global
	GlobalSection(SolutionConfigurationPlatforms) = preSolution
		Debug|Any CPU = Debug|Any CPU
		Release|Any CPU = Release|Any CPU
	EndGlobalSection
	GlobalSection(ProjectConfigurationPlatforms) = postSolution
		{689C3F33-7165-44A2-B210-729E8026B1FB}.Debug|Any CPU.ActiveCfg = Debug|Any CPU
		{689C3F33-7165-44A2-B210-729E8026B1FB}.Debug|Any CPU.Build.0 = Debug|Any CPU
		{689C3F33-7165-44A2-B210-729E8026B1FB}.Release|Any CPU.ActiveCfg = Release|Any CPU
		{689C3F33-7165-44A2-B210-729E8026B1FB}.Release|Any CPU.Build.0 = Release|Any CPU
		{CDF30BC3-BCDA-43AC-B6AF-D41AB5B2125E}.Debug|Any CPU.ActiveCfg = Debug|Any CPU
		{CDF30BC3-BCDA-43AC-B6AF-D41AB5B2125E}.Debug|Any CPU.Build.0 = Debug|Any CPU
		{CDF30BC3-BCDA-43AC-B6AF-D41AB5B2125E}.Release|Any CPU.ActiveCfg = Release|Any CPU
		{CDF30BC3-BCDA-43AC-B6AF-D41AB5B2125E}.Release|Any CPU.Build.0 = Release|Any CPU
		{180F02E1-A765-62AE-4DA1-9BBD425CDFA8}.Debug|Any CPU.ActiveCfg = Debug|Any CPU
		{180F02E1-A765-62AE-4DA1-9BBD425CDFA8}.Debug|Any CPU.Build.0 = Debug|Any CPU
		{180F02E1-A765-62AE-4DA1-9BBD425CDFA8}.Release|Any CPU.ActiveCfg = Release|Any CPU
		{180F02E1-A765-62AE-4DA1-9BBD425CDFA8}.Release|Any CPU.Build.0 = Release|Any CPU
	EndGlobalSection
	GlobalSection(SolutionProperties) = preSolution
		HideSolutionNode = FALSE
	EndGlobalSection
	GlobalSection(ExtensibilityGlobals) = postSolution
		SolutionGuid = {C686A43E-A8F4-4971-B70C-CE9F85D3079F}
	EndGlobalSection
EndGlobal
