
Microsoft Visual Studio Solution File, Format Version 12.00
# Visual Studio Version 17
VisualStudioVersion = 17.1.32421.90
MinimumVisualStudioVersion = 10.0.40219.1
Project("{9A19103F-16F7-4668-BE54-9A1E7A4F7556}") = "ChessCore", "ChessCore\ChessCore.csproj", "{689C3F33-7165-44A2-B210-729E8026B1FB}"
EndProject
Project("{9A19103F-16F7-4668-BE54-9A1E7A4F7556}") = "ChessCore.Test", "ChessCore.Test\ChessCore.Test.csproj", "{CDF30BC3-BCDA-43AC-B6AF-D41AB5B2125E}"
EndProject
Global
	GlobalSection(SolutionConfigurationPlatforms) = preSolution
		64|Any CPU = 64|Any CPU
		64|x64 = 64|x64
		Debug|Any CPU = Debug|Any CPU
		Debug|x64 = Debug|x64
		Release|Any CPU = Release|Any CPU
		Release|x64 = Release|x64
	EndGlobalSection
	GlobalSection(ProjectConfigurationPlatforms) = postSolution
		{689C3F33-7165-44A2-B210-729E8026B1FB}.64|Any CPU.ActiveCfg = 64|Any CPU
		{689C3F33-7165-44A2-B210-729E8026B1FB}.64|Any CPU.Build.0 = 64|Any CPU
		{689C3F33-7165-44A2-B210-729E8026B1FB}.64|x64.ActiveCfg = 64|x64
		{689C3F33-7165-44A2-B210-729E8026B1FB}.64|x64.Build.0 = 64|x64
		{689C3F33-7165-44A2-B210-729E8026B1FB}.Debug|Any CPU.ActiveCfg = Debug|Any CPU
		{689C3F33-7165-44A2-B210-729E8026B1FB}.Debug|Any CPU.Build.0 = Debug|Any CPU
		{689C3F33-7165-44A2-B210-729E8026B1FB}.Debug|x64.ActiveCfg = Debug|x64
		{689C3F33-7165-44A2-B210-729E8026B1FB}.Debug|x64.Build.0 = Debug|x64
		{689C3F33-7165-44A2-B210-729E8026B1FB}.Release|Any CPU.ActiveCfg = Release|Any CPU
		{689C3F33-7165-44A2-B210-729E8026B1FB}.Release|Any CPU.Build.0 = Release|Any CPU
		{689C3F33-7165-44A2-B210-729E8026B1FB}.Release|x64.ActiveCfg = Release|x64
		{689C3F33-7165-44A2-B210-729E8026B1FB}.Release|x64.Build.0 = Release|x64
		{CDF30BC3-BCDA-43AC-B6AF-D41AB5B2125E}.64|Any CPU.ActiveCfg = 64|Any CPU
		{CDF30BC3-BCDA-43AC-B6AF-D41AB5B2125E}.64|Any CPU.Build.0 = 64|Any CPU
		{CDF30BC3-BCDA-43AC-B6AF-D41AB5B2125E}.64|x64.ActiveCfg = 64|x64
		{CDF30BC3-BCDA-43AC-B6AF-D41AB5B2125E}.64|x64.Build.0 = 64|x64
		{CDF30BC3-BCDA-43AC-B6AF-D41AB5B2125E}.Debug|Any CPU.ActiveCfg = Debug|Any CPU
		{CDF30BC3-BCDA-43AC-B6AF-D41AB5B2125E}.Debug|Any CPU.Build.0 = Debug|Any CPU
		{CDF30BC3-BCDA-43AC-B6AF-D41AB5B2125E}.Debug|x64.ActiveCfg = Debug|x64
		{CDF30BC3-BCDA-43AC-B6AF-D41AB5B2125E}.Debug|x64.Build.0 = Debug|x64
		{CDF30BC3-BCDA-43AC-B6AF-D41AB5B2125E}.Release|Any CPU.ActiveCfg = Release|Any CPU
		{CDF30BC3-BCDA-43AC-B6AF-D41AB5B2125E}.Release|Any CPU.Build.0 = Release|Any CPU
		{CDF30BC3-BCDA-43AC-B6AF-D41AB5B2125E}.Release|x64.ActiveCfg = Release|x64
		{CDF30BC3-BCDA-43AC-B6AF-D41AB5B2125E}.Release|x64.Build.0 = Release|x64
	EndGlobalSection
	GlobalSection(SolutionProperties) = preSolution
		HideSolutionNode = FALSE
	EndGlobalSection
	GlobalSection(ExtensibilityGlobals) = postSolution
		SolutionGuid = {C686A43E-A8F4-4971-B70C-CE9F85D3079F}
	EndGlobalSection
EndGlobal
